// !$*UTF8*$!
{
	archiveVersion = 1;
	classes = {
	};
	objectVersion = 77;
	objects = {

/* Begin PBXBuildFile section */
		2F5F9AB12F8B8DA300913F9A /* SDWebImageSwiftUI in Frameworks */ = {isa = PBXBuildFile; productRef = 2F5F9AB02F8B8DA300913F9A /* SDWebImageSwiftUI */; };
		2FB2943E2FA0B8FF00EC7E7E /* SwiftfulUtilities in Frameworks */ = {isa = PBXBuildFile; productRef = 2FB2943D2FA0B8FF00EC7E7E /* SwiftfulUtilities */; };
/* End PBXBuildFile section */

/* Begin PBXContainerItemProxy section */
		2F466E812F8262EA004B09CB /* PBXContainerItemProxy */ = {
			isa = PBXContainerItemProxy;
			containerPortal = 2F466E6B2F8262E8004B09CB /* Project object */;
			proxyType = 1;
			remoteGlobalIDString = 2F466E722F8262E8004B09CB;
			remoteInfo = AIChatCourse;
		};
		2F466E8B2F8262EA004B09CB /* PBXContainerItemProxy */ = {
			isa = PBXContainerItemProxy;
			containerPortal = 2F466E6B2F8262E8004B09CB /* Project object */;
			proxyType = 1;
			remoteGlobalIDString = 2F466E722F8262E8004B09CB;
			remoteInfo = AIChatCourse;
		};
/* End PBXContainerItemProxy section */

/* Begin PBXFileReference section */
		2F466E732F8262E8004B09CB /* AIChatCourse.app */ = {isa = PBXFileReference; explicitFileType = wrapper.application; includeInIndex = 0; path = AIChatCourse.app; sourceTree = BUILT_PRODUCTS_DIR; };
		2F466E802F8262EA004B09CB /* AIChatCourseTests.xctest */ = {isa = PBXFileReference; explicitFileType = wrapper.cfbundle; includeInIndex = 0; path = AIChatCourseTests.xctest; sourceTree = BUILT_PRODUCTS_DIR; };
		2F466E8A2F8262EA004B09CB /* AIChatCourseUITests.xctest */ = {isa = PBXFileReference; explicitFileType = wrapper.cfbundle; includeInIndex = 0; path = AIChatCourseUITests.xctest; sourceTree = BUILT_PRODUCTS_DIR; };
/* End PBXFileReference section */

/* Begin PBXFileSystemSynchronizedRootGroup section */
		2F466E752F8262E8004B09CB /* AIChatCourse */ = {
			isa = PBXFileSystemSynchronizedRootGroup;
			path = AIChatCourse;
			sourceTree = "<group>";
		};
		2F466E832F8262EA004B09CB /* AIChatCourseTests */ = {
			isa = PBXFileSystemSynchronizedRootGroup;
			path = AIChatCourseTests;
			sourceTree = "<group>";
		};
		2F466E8D2F8262EA004B09CB /* AIChatCourseUITests */ = {
			isa = PBXFileSystemSynchronizedRootGroup;
			path = AIChatCourseUITests;
			sourceTree = "<group>";
		};
/* End PBXFileSystemSynchronizedRootGroup section */

/* Begin PBXFrameworksBuildPhase section */
		2F466E702F8262E8004B09CB /* Frameworks */ = {
			isa = PBXFrameworksBuildPhase;
			buildActionMask = 2147483647;
			files = (
				2F5F9AB12F8B8DA300913F9A /* SDWebImageSwiftUI in Frameworks */,
				2FB2943E2FA0B8FF00EC7E7E /* SwiftfulUtilities in Frameworks */,
			);
			runOnlyForDeploymentPostprocessing = 0;
		};
		2F466E7D2F8262EA004B09CB /* Frameworks */ = {
			isa = PBXFrameworksBuildPhase;
			buildActionMask = 2147483647;
			files = (
			);
			runOnlyForDeploymentPostprocessing = 0;
		};
		2F466E872F8262EA004B09CB /* Frameworks */ = {
			isa = PBXFrameworksBuildPhase;
			buildActionMask = 2147483647;
			files = (
			);
			runOnlyForDeploymentPostprocessing = 0;
		};
/* End PBXFrameworksBuildPhase section */

/* Begin PBXGroup section */
		2F466E6A2F8262E8004B09CB = {
			isa = PBXGroup;
			children = (
				2F466E752F8262E8004B09CB /* AIChatCourse */,
				2F466E832F8262EA004B09CB /* AIChatCourseTests */,
				2F466E8D2F8262EA004B09CB /* AIChatCourseUITests */,
				2F466E742F8262E8004B09CB /* Products */,
			);
			sourceTree = "<group>";
		};
		2F466E742F8262E8004B09CB /* Products */ = {
			isa = PBXGroup;
			children = (
				2F466E732F8262E8004B09CB /* AIChatCourse.app */,
				2F466E802F8262EA004B09CB /* AIChatCourseTests.xctest */,
				2F466E8A2F8262EA004B09CB /* AIChatCourseUITests.xctest */,
			);
			name = Products;
			sourceTree = "<group>";
		};
/* End PBXGroup section */

/* Begin PBXNativeTarget section */
		2F466E722F8262E8004B09CB /* AIChatCourse */ = {
			isa = PBXNativeTarget;
			buildConfigurationList = 2F466E942F8262EA004B09CB /* Build configuration list for PBXNativeTarget "AIChatCourse" */;
			buildPhases = (
				2F466E6F2F8262E8004B09CB /* Sources */,
				2F466E702F8262E8004B09CB /* Frameworks */,
				2F466E712F8262E8004B09CB /* Resources */,
				2F84C2842F844D5A00094EFA /* ShellScript */,
			);
			buildRules = (
			);
			dependencies = (
			);
			fileSystemSynchronizedGroups = (
				2F466E752F8262E8004B09CB /* AIChatCourse */,
			);
			name = AIChatCourse;
			packageProductDependencies = (
				2F5F9AB02F8B8DA300913F9A /* SDWebImageSwiftUI */,
				2FB2943D2FA0B8FF00EC7E7E /* SwiftfulUtilities */,
			);
			productName = AIChatCourse;
			productReference = 2F466E732F8262E8004B09CB /* AIChatCourse.app */;
			productType = "com.apple.product-type.application";
		};
		2F466E7F2F8262EA004B09CB /* AIChatCourseTests */ = {
			isa = PBXNativeTarget;
			buildConfigurationList = 2F466E972F8262EA004B09CB /* Build configuration list for PBXNativeTarget "AIChatCourseTests" */;
			buildPhases = (
				2F466E7C2F8262EA004B09CB /* Sources */,
				2F466E7D2F8262EA004B09CB /* Frameworks */,
				2F466E7E2F8262EA004B09CB /* Resources */,
			);
			buildRules = (
			);
			dependencies = (
				2F466E822F8262EA004B09CB /* PBXTargetDependency */,
			);
			fileSystemSynchronizedGroups = (
				2F466E832F8262EA004B09CB /* AIChatCourseTests */,
			);
			name = AIChatCourseTests;
			packageProductDependencies = (
			);
			productName = AIChatCourseTests;
			productReference = 2F466E802F8262EA004B09CB /* AIChatCourseTests.xctest */;
			productType = "com.apple.product-type.bundle.unit-test";
		};
		2F466E892F8262EA004B09CB /* AIChatCourseUITests */ = {
			isa = PBXNativeTarget;
			buildConfigurationList = 2F466E9A2F8262EA004B09CB /* Build configuration list for PBXNativeTarget "AIChatCourseUITests" */;
			buildPhases = (
				2F466E862F8262EA004B09CB /* Sources */,
				2F466E872F8262EA004B09CB /* Frameworks */,
				2F466E882F8262EA004B09CB /* Resources */,
			);
			buildRules = (
			);
			dependencies = (
				2F466E8C2F8262EA004B09CB /* PBXTargetDependency */,
			);
			fileSystemSynchronizedGroups = (
				2F466E8D2F8262EA004B09CB /* AIChatCourseUITests */,
			);
			name = AIChatCourseUITests;
			packageProductDependencies = (
			);
			productName = AIChatCourseUITests;
			productReference = 2F466E8A2F8262EA004B09CB /* AIChatCourseUITests.xctest */;
			productType = "com.apple.product-type.bundle.ui-testing";
		};
/* End PBXNativeTarget section */

/* Begin PBXProject section */
		2F466E6B2F8262E8004B09CB /* Project object */ = {
			isa = PBXProject;
			attributes = {
				BuildIndependentTargetsInParallel = 1;
				LastSwiftUpdateCheck = 2630;
				LastUpgradeCheck = 2630;
				TargetAttributes = {
					2F466E722F8262E8004B09CB = {
						CreatedOnToolsVersion = 26.3;
					};
					2F466E7F2F8262EA004B09CB = {
						CreatedOnToolsVersion = 26.3;
						TestTargetID = 2F466E722F8262E8004B09CB;
					};
					2F466E892F8262EA004B09CB = {
						CreatedOnToolsVersion = 26.3;
						TestTargetID = 2F466E722F8262E8004B09CB;
					};
				};
			};
			buildConfigurationList = 2F466E6E2F8262E8004B09CB /* Build configuration list for PBXProject "AIChatCourse" */;
			developmentRegion = en;
			hasScannedForEncodings = 0;
			knownRegions = (
				en,
				Base,
			);
			mainGroup = 2F466E6A2F8262E8004B09CB;
			minimizedProjectReferenceProxies = 1;
			packageReferences = (
				2F5F9AAF2F8B8DA300913F9A /* XCRemoteSwiftPackageReference "SDWebImageSwiftUI" */,
				2FB2943C2FA0B8FF00EC7E7E /* XCRemoteSwiftPackageReference "SwiftfulUtilities" */,
			);
			preferredProjectObjectVersion = 77;
			productRefGroup = 2F466E742F8262E8004B09CB /* Products */;
			projectDirPath = "";
			projectRoot = "";
			targets = (
				2F466E722F8262E8004B09CB /* AIChatCourse */,
				2F466E7F2F8262EA004B09CB /* AIChatCourseTests */,
				2F466E892F8262EA004B09CB /* AIChatCourseUITests */,
			);
		};
/* End PBXProject section */

/* Begin PBXResourcesBuildPhase section */
		2F466E712F8262E8004B09CB /* Resources */ = {
			isa = PBXResourcesBuildPhase;
			buildActionMask = 2147483647;
			files = (
			);
			runOnlyForDeploymentPostprocessing = 0;
		};
		2F466E7E2F8262EA004B09CB /* Resources */ = {
			isa = PBXResourcesBuildPhase;
			buildActionMask = 2147483647;
			files = (
			);
			runOnlyForDeploymentPostprocessing = 0;
		};
		2F466E882F8262EA004B09CB /* Resources */ = {
			isa = PBXResourcesBuildPhase;
			buildActionMask = 2147483647;
			files = (
			);
			runOnlyForDeploymentPostprocessing = 0;
		};
/* End PBXResourcesBuildPhase section */

/* Begin PBXShellScriptBuildPhase section */
		2F84C2842F844D5A00094EFA /* ShellScript */ = {
			isa = PBXShellScriptBuildPhase;
			alwaysOutOfDate = 1;
			buildActionMask = 2147483647;
			files = (
			);
			inputFileListPaths = (
			);
			inputPaths = (
			);
			outputFileListPaths = (
			);
			outputPaths = (
			);
			runOnlyForDeploymentPostprocessing = 0;
			shellPath = /bin/sh;
			shellScript = "if [[ -z \"$CI\" ]]; then\n    if [[ \"$(uname -m)\" == arm64 ]]; then\n        export PATH=\"/opt/homebrew/bin:$PATH\"\n    fi\n\n    # Check if running in a SwiftUI preview\n    if [ \"$XCODE_RUNNING_FOR_PREVIEWS\" != \"1\" ]; then\n        if which swiftlint > /dev/null; then\n            swiftlint # Uncomment if you want to auto-fix: swiftlint --fix &&\n        else\n            echo \"warning: SwiftLint not installed, download from https://github.com/realm/SwiftLint\"\n        fi\n    fi\nelse \n    # Running Xcode Cloud\n    echo \"Running in Xcode Cloud. Skipping SwiftLint.\"\nfi\n";
			showEnvVarsInLog = 0;
		};
/* End PBXShellScriptBuildPhase section */

/* Begin PBXSourcesBuildPhase section */
		2F466E6F2F8262E8004B09CB /* Sources */ = {
			isa = PBXSourcesBuildPhase;
			buildActionMask = 2147483647;
			files = (
			);
			runOnlyForDeploymentPostprocessing = 0;
		};
		2F466E7C2F8262EA004B09CB /* Sources */ = {
			isa = PBXSourcesBuildPhase;
			buildActionMask = 2147483647;
			files = (
			);
			runOnlyForDeploymentPostprocessing = 0;
		};
		2F466E862F8262EA004B09CB /* Sources */ = {
			isa = PBXSourcesBuildPhase;
			buildActionMask = 2147483647;
			files = (
			);
			runOnlyForDeploymentPostprocessing = 0;
		};
/* End PBXSourcesBuildPhase section */

/* Begin PBXTargetDependency section */
		2F466E822F8262EA004B09CB /* PBXTargetDependency */ = {
			isa = PBXTargetDependency;
			target = 2F466E722F8262E8004B09CB /* AIChatCourse */;
			targetProxy = 2F466E812F8262EA004B09CB /* PBXContainerItemProxy */;
		};
		2F466E8C2F8262EA004B09CB /* PBXTargetDependency */ = {
			isa = PBXTargetDependency;
			target = 2F466E722F8262E8004B09CB /* AIChatCourse */;
			targetProxy = 2F466E8B2F8262EA004B09CB /* PBXContainerItemProxy */;
		};
/* End PBXTargetDependency section */

/* Begin XCBuildConfiguration section */
		2F466E922F8262EA004B09CB /* Debug */ = {
			isa = XCBuildConfiguration;
			buildSettings = {
				ALWAYS_SEARCH_USER_PATHS = NO;
				ASSETCATALOG_COMPILER_GENERATE_SWIFT_ASSET_SYMBOL_EXTENSIONS = YES;
				CLANG_ANALYZER_NONNULL = YES;
				CLANG_ANALYZER_NUMBER_OBJECT_CONVERSION = YES_AGGRESSIVE;
				CLANG_CXX_LANGUAGE_STANDARD = "gnu++20";
				CLANG_ENABLE_MODULES = YES;
				CLANG_ENABLE_OBJC_ARC = YES;
				CLANG_ENABLE_OBJC_WEAK = YES;
				CLANG_WARN_BLOCK_CAPTURE_AUTORELEASING = YES;
				CLANG_WARN_BOOL_CONVERSION = YES;
				CLANG_WARN_COMMA = YES;
				CLANG_WARN_CONSTANT_CONVERSION = YES;
				CLANG_WARN_DEPRECATED_OBJC_IMPLEMENTATIONS = YES;
				CLANG_WARN_DIRECT_OBJC_ISA_USAGE = YES_ERROR;
				CLANG_WARN_DOCUMENTATION_COMMENTS = YES;
				CLANG_WARN_EMPTY_BODY = YES;
				CLANG_WARN_ENUM_CONVERSION = YES;
				CLANG_WARN_INFINITE_RECURSION = YES;
				CLANG_WARN_INT_CONVERSION = YES;
				CLANG_WARN_NON_LITERAL_NULL_CONVERSION = YES;
				CLANG_WARN_OBJC_IMPLICIT_RETAIN_SELF = YES;
				CLANG_WARN_OBJC_LITERAL_CONVERSION = YES;
				CLANG_WARN_OBJC_ROOT_CLASS = YES_ERROR;
				CLANG_WARN_QUOTED_INCLUDE_IN_FRAMEWORK_HEADER = YES;
				CLANG_WARN_RANGE_LOOP_ANALYSIS = YES;
				CLANG_WARN_STRICT_PROTOTYPES = YES;
				CLANG_WARN_SUSPICIOUS_MOVE = YES;
				CLANG_WARN_UNGUARDED_AVAILABILITY = YES_AGGRESSIVE;
				CLANG_WARN_UNREACHABLE_CODE = YES;
				CLANG_WARN__DUPLICATE_METHOD_MATCH = YES;
				COPY_PHASE_STRIP = NO;
				DEBUG_INFORMATION_FORMAT = dwarf;
				DEVELOPMENT_TEAM = X82B2G5QCP;
				ENABLE_STRICT_OBJC_MSGSEND = YES;
				ENABLE_TESTABILITY = YES;
				ENABLE_USER_SCRIPT_SANDBOXING = YES;
				GCC_C_LANGUAGE_STANDARD = gnu17;
				GCC_DYNAMIC_NO_PIC = NO;
				GCC_NO_COMMON_BLOCKS = YES;
				GCC_OPTIMIZATION_LEVEL = 0;
				GCC_PREPROCESSOR_DEFINITIONS = (
					"DEBUG=1",
					"$(inherited)",
				);
				GCC_WARN_64_TO_32_BIT_CONVERSION = YES;
				GCC_WARN_ABOUT_RETURN_TYPE = YES_ERROR;
				GCC_WARN_UNDECLARED_SELECTOR = YES;
				GCC_WARN_UNINITIALIZED_AUTOS = YES_AGGRESSIVE;
				GCC_WARN_UNUSED_FUNCTION = YES;
				GCC_WARN_UNUSED_VARIABLE = YES;
				IPHONEOS_DEPLOYMENT_TARGET = 26.2;
				LOCALIZATION_PREFERS_STRING_CATALOGS = YES;
				MTL_ENABLE_DEBUG_INFO = INCLUDE_SOURCE;
				MTL_FAST_MATH = YES;
				ONLY_ACTIVE_ARCH = YES;
				SDKROOT = iphoneos;
				SWIFT_ACTIVE_COMPILATION_CONDITIONS = "DEBUG $(inherited)";
				SWIFT_OPTIMIZATION_LEVEL = "-Onone";
			};
			name = Debug;
		};
		2F466E932F8262EA004B09CB /* Release */ = {
			isa = XCBuildConfiguration;
			buildSettings = {
				ALWAYS_SEARCH_USER_PATHS = NO;
				ASSETCATALOG_COMPILER_GENERATE_SWIFT_ASSET_SYMBOL_EXTENSIONS = YES;
				CLANG_ANALYZER_NONNULL = YES;
				CLANG_ANALYZER_NUMBER_OBJECT_CONVERSION = YES_AGGRESSIVE;
				CLANG_CXX_LANGUAGE_STANDARD = "gnu++20";
				CLANG_ENABLE_MODULES = YES;
				CLANG_ENABLE_OBJC_ARC = YES;
				CLANG_ENABLE_OBJC_WEAK = YES;
				CLANG_WARN_BLOCK_CAPTURE_AUTORELEASING = YES;
				CLANG_WARN_BOOL_CONVERSION = YES;
				CLANG_WARN_COMMA = YES;
				CLANG_WARN_CONSTANT_CONVERSION = YES;
				CLANG_WARN_DEPRECATED_OBJC_IMPLEMENTATIONS = YES;
				CLANG_WARN_DIRECT_OBJC_ISA_USAGE = YES_ERROR;
				CLANG_WARN_DOCUMENTATION_COMMENTS = YES;
				CLANG_WARN_EMPTY_BODY = YES;
				CLANG_WARN_ENUM_CONVERSION = YES;
				CLANG_WARN_INFINITE_RECURSION = YES;
				CLANG_WARN_INT_CONVERSION = YES;
				CLANG_WARN_NON_LITERAL_NULL_CONVERSION = YES;
				CLANG_WARN_OBJC_IMPLICIT_RETAIN_SELF = YES;
				CLANG_WARN_OBJC_LITERAL_CONVERSION = YES;
				CLANG_WARN_OBJC_ROOT_CLASS = YES_ERROR;
				CLANG_WARN_QUOTED_INCLUDE_IN_FRAMEWORK_HEADER = YES;
				CLANG_WARN_RANGE_LOOP_ANALYSIS = YES;
				CLANG_WARN_STRICT_PROTOTYPES = YES;
				CLANG_WARN_SUSPICIOUS_MOVE = YES;
				CLANG_WARN_UNGUARDED_AVAILABILITY = YES_AGGRESSIVE;
				CLANG_WARN_UNREACHABLE_CODE = YES;
				CLANG_WARN__DUPLICATE_METHOD_MATCH = YES;
				COPY_PHASE_STRIP = NO;
				DEBUG_INFORMATION_FORMAT = "dwarf-with-dsym";
				DEVELOPMENT_TEAM = X82B2G5QCP;
				ENABLE_NS_ASSERTIONS = NO;
				ENABLE_STRICT_OBJC_MSGSEND = YES;
				ENABLE_USER_SCRIPT_SANDBOXING = YES;
				GCC_C_LANGUAGE_STANDARD = gnu17;
				GCC_NO_COMMON_BLOCKS = YES;
				GCC_WARN_64_TO_32_BIT_CONVERSION = YES;
				GCC_WARN_ABOUT_RETURN_TYPE = YES_ERROR;
				GCC_WARN_UNDECLARED_SELECTOR = YES;
				GCC_WARN_UNINITIALIZED_AUTOS = YES_AGGRESSIVE;
				GCC_WARN_UNUSED_FUNCTION = YES;
				GCC_WARN_UNUSED_VARIABLE = YES;
				IPHONEOS_DEPLOYMENT_TARGET = 26.2;
				LOCALIZATION_PREFERS_STRING_CATALOGS = YES;
				MTL_ENABLE_DEBUG_INFO = NO;
				MTL_FAST_MATH = YES;
				SDKROOT = iphoneos;
				SWIFT_COMPILATION_MODE = wholemodule;
				VALIDATE_PRODUCT = YES;
			};
			name = Release;
		};
		2F466E952F8262EA004B09CB /* Debug */ = {
			isa = XCBuildConfiguration;
			buildSettings = {
				ASSETCATALOG_COMPILER_APPICON_NAME = AppIcon;
				ASSETCATALOG_COMPILER_GLOBAL_ACCENT_COLOR_NAME = AccentColor;
				CODE_SIGN_STYLE = Automatic;
				CURRENT_PROJECT_VERSION = 1;
				DEVELOPMENT_TEAM = X82B2G5QCP;
				ENABLE_PREVIEWS = YES;
				ENABLE_USER_SCRIPT_SANDBOXING = NO;
				GENERATE_INFOPLIST_FILE = YES;
				INFOPLIST_KEY_CFBundleDisplayName = "AI Chat";
				INFOPLIST_KEY_UIApplicationSceneManifest_Generation = YES;
				INFOPLIST_KEY_UIApplicationSupportsIndirectInputEvents = YES;
				INFOPLIST_KEY_UILaunchScreen_Generation = YES;
				INFOPLIST_KEY_UILaunchStoryboardName = LaunchScreen;
				INFOPLIST_KEY_UISupportedInterfaceOrientations_iPad = "UIInterfaceOrientationPortrait UIInterfaceOrientationPortraitUpsideDown UIInterfaceOrientationLandscapeLeft UIInterfaceOrientationLandscapeRight";
				INFOPLIST_KEY_UISupportedInterfaceOrientations_iPhone = "UIInterfaceOrientationPortrait UIInterfaceOrientationLandscapeLeft UIInterfaceOrientationLandscapeRight";
				IPHONEOS_DEPLOYMENT_TARGET = 17.6;
				LD_RUNPATH_SEARCH_PATHS = (
					"$(inherited)",
					"@executable_path/Frameworks",
				);
				MARKETING_VERSION = 1.0;
				PRODUCT_BUNDLE_IDENTIFIER = com.ZIadTarek.AIChatCourse;
				PRODUCT_NAME = "$(TARGET_NAME)";
				STRING_CATALOG_GENERATE_SYMBOLS = YES;
				SUPPORTED_PLATFORMS = "iphoneos iphonesimulator";
				SUPPORTS_MACCATALYST = YES;
				SUPPORTS_MAC_DESIGNED_FOR_IPHONE_IPAD = NO;
				SUPPORTS_XR_DESIGNED_FOR_IPHONE_IPAD = NO;
				SWIFT_APPROACHABLE_CONCURRENCY = YES;
				SWIFT_DEFAULT_ACTOR_ISOLATION = MainActor;
				SWIFT_EMIT_LOC_STRINGS = YES;
				SWIFT_UPCOMING_FEATURE_MEMBER_IMPORT_VISIBILITY = YES;
				SWIFT_VERSION = 5.0;
				TARGETED_DEVICE_FAMILY = "1,2";
			};
			name = Debug;
		};
		2F466E962F8262EA004B09CB /* Release */ = {
			isa = XCBuildConfiguration;
			buildSettings = {
				ASSETCATALOG_COMPILER_APPICON_NAME = AppIcon;
				ASSETCATALOG_COMPILER_GLOBAL_ACCENT_COLOR_NAME = AccentColor;
				CODE_SIGN_STYLE = Automatic;
				CURRENT_PROJECT_VERSION = 1;
				DEVELOPMENT_TEAM = X82B2G5QCP;
				ENABLE_PREVIEWS = YES;
				ENABLE_USER_SCRIPT_SANDBOXING = NO;
				GENERATE_INFOPLIST_FILE = YES;
				INFOPLIST_KEY_CFBundleDisplayName = "AI Chat";
				INFOPLIST_KEY_UIApplicationSceneManifest_Generation = YES;
				INFOPLIST_KEY_UIApplicationSupportsIndirectInputEvents = YES;
				INFOPLIST_KEY_UILaunchScreen_Generation = YES;
				INFOPLIST_KEY_UILaunchStoryboardName = LaunchScreen;
				INFOPLIST_KEY_UISupportedInterfaceOrientations_iPad = "UIInterfaceOrientationPortrait UIInterfaceOrientationPortraitUpsideDown UIInterfaceOrientationLandscapeLeft UIInterfaceOrientationLandscapeRight";
				INFOPLIST_KEY_UISupportedInterfaceOrientations_iPhone = "UIInterfaceOrientationPortrait UIInterfaceOrientationLandscapeLeft UIInterfaceOrientationLandscapeRight";
				IPHONEOS_DEPLOYMENT_TARGET = 17.6;
				LD_RUNPATH_SEARCH_PATHS = (
					"$(inherited)",
					"@executable_path/Frameworks",
				);
				MARKETING_VERSION = 1.0;
				PRODUCT_BUNDLE_IDENTIFIER = com.ZIadTarek.AIChatCourse;
				PRODUCT_NAME = "$(TARGET_NAME)";
				STRING_CATALOG_GENERATE_SYMBOLS = YES;
				SUPPORTED_PLATFORMS = "iphoneos iphonesimulator";
				SUPPORTS_MACCATALYST = YES;
				SUPPORTS_MAC_DESIGNED_FOR_IPHONE_IPAD = NO;
				SUPPORTS_XR_DESIGNED_FOR_IPHONE_IPAD = NO;
				SWIFT_APPROACHABLE_CONCURRENCY = YES;
				SWIFT_DEFAULT_ACTOR_ISOLATION = MainActor;
				SWIFT_EMIT_LOC_STRINGS = YES;
				SWIFT_UPCOMING_FEATURE_MEMBER_IMPORT_VISIBILITY = YES;
				SWIFT_VERSION = 5.0;
				TARGETED_DEVICE_FAMILY = "1,2";
			};
			name = Release;
		};
		2F466E982F8262EA004B09CB /* Debug */ = {
			isa = XCBuildConfiguration;
			buildSettings = {
				BUNDLE_LOADER = "$(TEST_HOST)";
				CODE_SIGN_STYLE = Automatic;
				CURRENT_PROJECT_VERSION = 1;
				DEVELOPMENT_TEAM = X82B2G5QCP;
				GENERATE_INFOPLIST_FILE = YES;
				IPHONEOS_DEPLOYMENT_TARGET = 26.2;
				MARKETING_VERSION = 1.0;
				PRODUCT_BUNDLE_IDENTIFIER = com.ZIadTarek.AIChatCourseTests;
				PRODUCT_NAME = "$(TARGET_NAME)";
				STRING_CATALOG_GENERATE_SYMBOLS = NO;
				SWIFT_APPROACHABLE_CONCURRENCY = YES;
				SWIFT_EMIT_LOC_STRINGS = NO;
				SWIFT_UPCOMING_FEATURE_MEMBER_IMPORT_VISIBILITY = YES;
				SWIFT_VERSION = 5.0;
				TARGETED_DEVICE_FAMILY = "1,2";
				TEST_HOST = "$(BUILT_PRODUCTS_DIR)/AIChatCourse.app/$(BUNDLE_EXECUTABLE_FOLDER_PATH)/AIChatCourse";
			};
			name = Debug;
		};
		2F466E992F8262EA004B09CB /* Release */ = {
			isa = XCBuildConfiguration;
			buildSettings = {
				BUNDLE_LOADER = "$(TEST_HOST)";
				CODE_SIGN_STYLE = Automatic;
				CURRENT_PROJECT_VERSION = 1;
				DEVELOPMENT_TEAM = X82B2G5QCP;
				GENERATE_INFOPLIST_FILE = YES;
				IPHONEOS_DEPLOYMENT_TARGET = 26.2;
				MARKETING_VERSION = 1.0;
				PRODUCT_BUNDLE_IDENTIFIER = com.ZIadTarek.AIChatCourseTests;
				PRODUCT_NAME = "$(TARGET_NAME)";
				STRING_CATALOG_GENERATE_SYMBOLS = NO;
				SWIFT_APPROACHABLE_CONCURRENCY = YES;
				SWIFT_EMIT_LOC_STRINGS = NO;
				SWIFT_UPCOMING_FEATURE_MEMBER_IMPORT_VISIBILITY = YES;
				SWIFT_VERSION = 5.0;
				TARGETED_DEVICE_FAMILY = "1,2";
				TEST_HOST = "$(BUILT_PRODUCTS_DIR)/AIChatCourse.app/$(BUNDLE_EXECUTABLE_FOLDER_PATH)/AIChatCourse";
			};
			name = Release;
		};
		2F466E9B2F8262EA004B09CB /* Debug */ = {
			isa = XCBuildConfiguration;
			buildSettings = {
				CODE_SIGN_STYLE = Automatic;
				CURRENT_PROJECT_VERSION = 1;
				DEVELOPMENT_TEAM = X82B2G5QCP;
				GENERATE_INFOPLIST_FILE = YES;
				MARKETING_VERSION = 1.0;
				PRODUCT_BUNDLE_IDENTIFIER = com.ZIadTarek.AIChatCourseUITests;
				PRODUCT_NAME = "$(TARGET_NAME)";
				STRING_CATALOG_GENERATE_SYMBOLS = NO;
				SWIFT_APPROACHABLE_CONCURRENCY = YES;
				SWIFT_EMIT_LOC_STRINGS = NO;
				SWIFT_UPCOMING_FEATURE_MEMBER_IMPORT_VISIBILITY = YES;
				SWIFT_VERSION = 5.0;
				TARGETED_DEVICE_FAMILY = "1,2";
				TEST_TARGET_NAME = AIChatCourse;
			};
			name = Debug;
		};
		2F466E9C2F8262EA004B09CB /* Release */ = {
			isa = XCBuildConfiguration;
			buildSettings = {
				CODE_SIGN_STYLE = Automatic;
				CURRENT_PROJECT_VERSION = 1;
				DEVELOPMENT_TEAM = X82B2G5QCP;
				GENERATE_INFOPLIST_FILE = YES;
				MARKETING_VERSION = 1.0;
				PRODUCT_BUNDLE_IDENTIFIER = com.ZIadTarek.AIChatCourseUITests;
				PRODUCT_NAME = "$(TARGET_NAME)";
				STRING_CATALOG_GENERATE_SYMBOLS = NO;
				SWIFT_APPROACHABLE_CONCURRENCY = YES;
				SWIFT_EMIT_LOC_STRINGS = NO;
				SWIFT_UPCOMING_FEATURE_MEMBER_IMPORT_VISIBILITY = YES;
				SWIFT_VERSION = 5.0;
				TARGETED_DEVICE_FAMILY = "1,2";
				TEST_TARGET_NAME = AIChatCourse;
			};
			name = Release;
		};
/* End XCBuildConfiguration section */

/* Begin XCConfigurationList section */
		2F466E6E2F8262E8004B09CB /* Build configuration list for PBXProject "AIChatCourse" */ = {
			isa = XCConfigurationList;
			buildConfigurations = (
				2F466E922F8262EA004B09CB /* Debug */,
				2F466E932F8262EA004B09CB /* Release */,
			);
			defaultConfigurationIsVisible = 0;
			defaultConfigurationName = Release;
		};
		2F466E942F8262EA004B09CB /* Build configuration list for PBXNativeTarget "AIChatCourse" */ = {
			isa = XCConfigurationList;
			buildConfigurations = (
				2F466E952F8262EA004B09CB /* Debug */,
				2F466E962F8262EA004B09CB /* Release */,
			);
			defaultConfigurationIsVisible = 0;
			defaultConfigurationName = Release;
		};
		2F466E972F8262EA004B09CB /* Build configuration list for PBXNativeTarget "AIChatCourseTests" */ = {
			isa = XCConfigurationList;
			buildConfigurations = (
				2F466E982F8262EA004B09CB /* Debug */,
				2F466E992F8262EA004B09CB /* Release */,
			);
			defaultConfigurationIsVisible = 0;
			defaultConfigurationName = Release;
		};
		2F466E9A2F8262EA004B09CB /* Build configuration list for PBXNativeTarget "AIChatCourseUITests" */ = {
			isa = XCConfigurationList;
			buildConfigurations = (
				2F466E9B2F8262EA004B09CB /* Debug */,
				2F466E9C2F8262EA004B09CB /* Release */,
			);
			defaultConfigurationIsVisible = 0;
			defaultConfigurationName = Release;
		};
/* End XCConfigurationList section */

/* Begin XCRemoteSwiftPackageReference section */
		2F5F9AAF2F8B8DA300913F9A /* XCRemoteSwiftPackageReference "SDWebImageSwiftUI" */ = {
			isa = XCRemoteSwiftPackageReference;
			repositoryURL = "https://github.com/SDWebImage/SDWebImageSwiftUI.git";
			requirement = {
				kind = upToNextMajorVersion;
				minimumVersion = 3.1.4;
			};
		};
		2FB2943C2FA0B8FF00EC7E7E /* XCRemoteSwiftPackageReference "SwiftfulUtilities" */ = {
			isa = XCRemoteSwiftPackageReference;
			repositoryURL = "https://github.com/SwiftfulThinking/SwiftfulUtilities.git";
			requirement = {
				kind = upToNextMajorVersion;
				minimumVersion = 1.1.8;
			};
		};
/* End XCRemoteSwiftPackageReference section */

/* Begin XCSwiftPackageProductDependency section */
		2F5F9AB02F8B8DA300913F9A /* SDWebImageSwiftUI */ = {
			isa = XCSwiftPackageProductDependency;
			package = 2F5F9AAF2F8B8DA300913F9A /* XCRemoteSwiftPackageReference "SDWebImageSwiftUI" */;
			productName = SDWebImageSwiftUI;
		};
		2FB2943D2FA0B8FF00EC7E7E /* SwiftfulUtilities */ = {
			isa = XCSwiftPackageProductDependency;
			package = 2FB2943C2FA0B8FF00EC7E7E /* XCRemoteSwiftPackageReference "SwiftfulUtilities" */;
			productName = SwiftfulUtilities;
		};
/* End XCSwiftPackageProductDependency section */
	};
	rootObject = 2F466E6B2F8262E8004B09CB /* Project object */;
}
